// !$*UTF8*$!
{
	archiveVersion = 1;
	classes = {
	};
	objectVersion = 46;
	objects = {

/* Begin PBXBuildFile section */
		F8FED6CE1E20FE87008A4077 /* AppDelegate.swift in Sources */ = {isa = PBXBuildFile; fileRef = F8FED6CD1E20FE87008A4077 /* AppDelegate.swift */; };
		F8FED6D01E20FE87008A4077 /* ViewController.swift in Sources */ = {isa = PBXBuildFile; fileRef = F8FED6CF1E20FE87008A4077 /* ViewController.swift */; };
		F8FED6D31E20FE87008A4077 /* Main.storyboard in Resources */ = {isa = PBXBuildFile; fileRef = F8FED6D11E20FE87008A4077 /* Main.storyboard */; };
		F8FED6D51E20FE88008A4077 /* Assets.xcassets in Resources */ = {isa = PBXBuildFile; fileRef = F8FED6D41E20FE88008A4077 /* Assets.xcassets */; };
		F8FED6D81E20FE88008A4077 /* LaunchScreen.storyboard in Resources */ = {isa = PBXBuildFile; fileRef = F8FED6D61E20FE88008A4077 /* LaunchScreen.storyboard */; };
		F8FED6E31E20FE88008A4077 /* colorcalc2Tests.swift in Sources */ = {isa = PBXBuildFile; fileRef = F8FED6E21E20FE88008A4077 /* colorcalc2Tests.swift */; };
		F8FED6EE1E20FE88008A4077 /* colorcalc2UITests.swift in Sources */ = {isa = PBXBuildFile; fileRef = F8FED6ED1E20FE88008A4077 /* colorcalc2UITests.swift */; };
/* End PBXBuildFile section */

/* Begin PBXContainerItemProxy section */
		F8FED6DF1E20FE88008A4077 /* PBXContainerItemProxy */ = {
			isa = PBXContainerItemProxy;
			containerPortal = F8FED6C21E20FE87008A4077 /* Project object */;
			proxyType = 1;
			remoteGlobalIDString = F8FED6C91E20FE87008A4077;
			remoteInfo = colorcalc2;
		};
		F8FED6EA1E20FE88008A4077 /* PBXContainerItemProxy */ = {
			isa = PBXContainerItemProxy;
			containerPortal = F8FED6C21E20FE87008A4077 /* Project object */;
			proxyType = 1;
			remoteGlobalIDString = F8FED6C91E20FE87008A4077;
			remoteInfo = colorcalc2;
		};
/* End PBXContainerItemProxy section */

/* Begin PBXFileReference section */
		F8FED6CA1E20FE87008A4077 /* colorcalc2.app */ = {isa = PBXFileReference; explicitFileType = wrapper.application; includeInIndex = 0; path = colorcalc2.app; sourceTree = BUILT_PRODUCTS_DIR; };
		F8FED6CD1E20FE87008A4077 /* AppDelegate.swift */ = {isa = PBXFileReference; lastKnownFileType = sourcecode.swift; path = AppDelegate.swift; sourceTree = "<group>"; };
		F8FED6CF1E20FE87008A4077 /* ViewController.swift */ = {isa = PBXFileReference; lastKnownFileType = sourcecode.swift; path = ViewController.swift; sourceTree = "<group>"; };
		F8FED6D21E20FE87008A4077 /* Base */ = {isa = PBXFileReference; lastKnownFileType = file.storyboard; name = Base; path = Base.lproj/Main.storyboard; sourceTree = "<group>"; };
		F8FED6D41E20FE88008A4077 /* Assets.xcassets */ = {isa = PBXFileReference; lastKnownFileType = folder.assetcatalog; path = Assets.xcassets; sourceTree = "<group>"; };
		F8FED6D71E20FE88008A4077 /* Base */ = {isa = PBXFileReference; lastKnownFileType = file.storyboard; name = Base; path = Base.lproj/LaunchScreen.storyboard; sourceTree = "<group>"; };
		F8FED6D91E20FE88008A4077 /* Info.plist */ = {isa = PBXFileReference; lastKnownFileType = text.plist.xml; path = Info.plist; sourceTree = "<group>"; };
		F8FED6DE1E20FE88008A4077 /* colorcalc2Tests.xctest */ = {isa = PBXFileReference; explicitFileType = wrapper.cfbundle; includeInIndex = 0; path = colorcalc2Tests.xctest; sourceTree = BUILT_PRODUCTS_DIR; };
		F8FED6E21E20FE88008A4077 /* colorcalc2Tests.swift */ = {isa = PBXFileReference; lastKnownFileType = sourcecode.swift; path = colorcalc2Tests.swift; sourceTree = "<group>"; };
		F8FED6E41E20FE88008A4077 /* Info.plist */ = {isa = PBXFileReference; lastKnownFileType = text.plist.xml; path = Info.plist; sourceTree = "<group>"; };
		F8FED6E91E20FE88008A4077 /* colorcalc2UITests.xctest */ = {isa = PBXFileReference; explicitFileType = wrapper.cfbundle; includeInIndex = 0; path = colorcalc2UITests.xctest; sourceTree = BUILT_PRODUCTS_DIR; };
		F8FED6ED1E20FE88008A4077 /* colorcalc2UITests.swift */ = {isa = PBXFileReference; lastKnownFileType = sourcecode.swift; path = colorcalc2UITests.swift; sourceTree = "<group>"; };
		F8FED6EF1E20FE88008A4077 /* Info.plist */ = {isa = PBXFileReference; lastKnownFileType = text.plist.xml; path = Info.plist; sourceTree = "<group>"; };
/* End PBXFileReference section */

/* Begin PBXFrameworksBuildPhase section */
		F8FED6C71E20FE87008A4077 /* Frameworks */ = {
			isa = PBXFrameworksBuildPhase;
			buildActionMask = 2147483647;
			files = (
			);
			runOnlyForDeploymentPostprocessing = 0;
		};
		F8FED6DB1E20FE88008A4077 /* Frameworks */ = {
			isa = PBXFrameworksBuildPhase;
			buildActionMask = 2147483647;
			files = (
			);
			runOnlyForDeploymentPostprocessing = 0;
		};
		F8FED6E61E20FE88008A4077 /* Frameworks */ = {
			isa = PBXFrameworksBuildPhase;
			buildActionMask = 2147483647;
			files = (
			);
			runOnlyForDeploymentPostprocessing = 0;
		};
/* End PBXFrameworksBuildPhase section */

/* Begin PBXGroup section */
		F8FED6C11E20FE87008A4077 = {
			isa = PBXGroup;
			children = (
				F8FED6CC1E20FE87008A4077 /* colorcalc2 */,
				F8FED6E11E20FE88008A4077 /* colorcalc2Tests */,
				F8FED6EC1E20FE88008A4077 /* colorcalc2UITests */,
				F8FED6CB1E20FE87008A4077 /* Products */,
			);
			sourceTree = "<group>";
		};
		F8FED6CB1E20FE87008A4077 /* Products */ = {
			isa = PBXGroup;
			children = (
				F8FED6CA1E20FE87008A4077 /* colorcalc2.app */,
				F8FED6DE1E20FE88008A4077 /* colorcalc2Tests.xctest */,
				F8FED6E91E20FE88008A4077 /* colorcalc2UITests.xctest */,
			);
			name = Products;
			sourceTree = "<group>";
		};
		F8FED6CC1E20FE87008A4077 /* colorcalc2 */ = {
			isa = PBXGroup;
			children = (
				F8FED6CD1E20FE87008A4077 /* AppDelegate.swift */,
				F8FED6CF1E20FE87008A4077 /* ViewController.swift */,
				F8FED6D11E20FE87008A4077 /* Main.storyboard */,
				F8FED6D41E20FE88008A4077 /* Assets.xcassets */,
				F8FED6D61E20FE88008A4077 /* LaunchScreen.storyboard */,
				F8FED6D91E20FE88008A4077 /* Info.plist */,
			);
			path = colorcalc2;
			sourceTree = "<group>";
		};
		F8FED6E11E20FE88008A4077 /* colorcalc2Tests */ = {
			isa = PBXGroup;
			children = (
				F8FED6E21E20FE88008A4077 /* colorcalc2Tests.swift */,
				F8FED6E41E20FE88008A4077 /* Info.plist */,
			);
			path = colorcalc2Tests;
			sourceTree = "<group>";
		};
		F8FED6EC1E20FE88008A4077 /* colorcalc2UITests */ = {
			isa = PBXGroup;
			children = (
				F8FED6ED1E20FE88008A4077 /* colorcalc2UITests.swift */,
				F8FED6EF1E20FE88008A4077 /* Info.plist */,
			);
			path = colorcalc2UITests;
			sourceTree = "<group>";
		};
/* End PBXGroup section */

/* Begin PBXNativeTarget section */
		F8FED6C91E20FE87008A4077 /* colorcalc2 */ = {
			isa = PBXNativeTarget;
			buildConfigurationList = F8FED6F21E20FE88008A4077 /* Build configuration list for PBXNativeTarget "colorcalc2" */;
			buildPhases = (
				F8FED6C61E20FE87008A4077 /* Sources */,
				F8FED6C71E20FE87008A4077 /* Frameworks */,
				F8FED6C81E20FE87008A4077 /* Resources */,
			);
			buildRules = (
			);
			dependencies = (
			);
			name = colorcalc2;
			productName = colorcalc2;
			productReference = F8FED6CA1E20FE87008A4077 /* colorcalc2.app */;
			productType = "com.apple.product-type.application";
		};
		F8FED6DD1E20FE88008A4077 /* colorcalc2Tests */ = {
			isa = PBXNativeTarget;
			buildConfigurationList = F8FED6F51E20FE88008A4077 /* Build configuration list for PBXNativeTarget "colorcalc2Tests" */;
			buildPhases = (
				F8FED6DA1E20FE88008A4077 /* Sources */,
				F8FED6DB1E20FE88008A4077 /* Frameworks */,
				F8FED6DC1E20FE88008A4077 /* Resources */,
			);
			buildRules = (
			);
			dependencies = (
				F8FED6E01E20FE88008A4077 /* PBXTargetDependency */,
			);
			name = colorcalc2Tests;
			productName = colorcalc2Tests;
			productReference = F8FED6DE1E20FE88008A4077 /* colorcalc2Tests.xctest */;
			productType = "com.apple.product-type.bundle.unit-test";
		};
		F8FED6E81E20FE88008A4077 /* colorcalc2UITests */ = {
			isa = PBXNativeTarget;
			buildConfigurationList = F8FED6F81E20FE88008A4077 /* Build configuration list for PBXNativeTarget "colorcalc2UITests" */;
			buildPhases = (
				F8FED6E51E20FE88008A4077 /* Sources */,
				F8FED6E61E20FE88008A4077 /* Frameworks */,
				F8FED6E71E20FE88008A4077 /* Resources */,
			);
			buildRules = (
			);
			dependencies = (
				F8FED6EB1E20FE88008A4077 /* PBXTargetDependency */,
			);
			name = colorcalc2UITests;
			productName = colorcalc2UITests;
			productReference = F8FED6E91E20FE88008A4077 /* colorcalc2UITests.xctest */;
			productType = "com.apple.product-type.bundle.ui-testing";
		};
/* End PBXNativeTarget section */

/* Begin PBXProject section */
		F8FED6C21E20FE87008A4077 /* Project object */ = {
			isa = PBXProject;
			attributes = {
				LastSwiftUpdateCheck = 0810;
				LastUpgradeCheck = 0810;
				ORGANIZATIONNAME = "高橋真未";
				TargetAttributes = {
					F8FED6C91E20FE87008A4077 = {
						CreatedOnToolsVersion = 8.1;
						ProvisioningStyle = Automatic;
					};
					F8FED6DD1E20FE88008A4077 = {
						CreatedOnToolsVersion = 8.1;
						ProvisioningStyle = Automatic;
						TestTargetID = F8FED6C91E20FE87008A4077;
					};
					F8FED6E81E20FE88008A4077 = {
						CreatedOnToolsVersion = 8.1;
						ProvisioningStyle = Automatic;
						TestTargetID = F8FED6C91E20FE87008A4077;
					};
				};
			};
			buildConfigurationList = F8FED6C51E20FE87008A4077 /* Build configuration list for PBXProject "colorcalc2" */;
			compatibilityVersion = "Xcode 3.2";
			developmentRegion = English;
			hasScannedForEncodings = 0;
			knownRegions = (
				en,
				Base,
			);
			mainGroup = F8FED6C11E20FE87008A4077;
			productRefGroup = F8FED6CB1E20FE87008A4077 /* Products */;
			projectDirPath = "";
			projectRoot = "";
			targets = (
				F8FED6C91E20FE87008A4077 /* colorcalc2 */,
				F8FED6DD1E20FE88008A4077 /* colorcalc2Tests */,
				F8FED6E81E20FE88008A4077 /* colorcalc2UITests */,
			);
		};
/* End PBXProject section */

/* Begin PBXResourcesBuildPhase section */
		F8FED6C81E20FE87008A4077 /* Resources */ = {
			isa = PBXResourcesBuildPhase;
			buildActionMask = 2147483647;
			files = (
				F8FED6D81E20FE88008A4077 /* LaunchScreen.storyboard in Resources */,
				F8FED6D51E20FE88008A4077 /* Assets.xcassets in Resources */,
				F8FED6D31E20FE87008A4077 /* Main.storyboard in Resources */,
			);
			runOnlyForDeploymentPostprocessing = 0;
		};
		F8FED6DC1E20FE88008A4077 /* Resources */ = {
			isa = PBXResourcesBuildPhase;
			buildActionMask = 2147483647;
			files = (
			);
			runOnlyForDeploymentPostprocessing = 0;
		};
		F8FED6E71E20FE88008A4077 /* Resources */ = {
			isa = PBXResourcesBuildPhase;
			buildActionMask = 2147483647;
			files = (
			);
			runOnlyForDeploymentPostprocessing = 0;
		};
/* End PBXResourcesBuildPhase section */

/* Begin PBXSourcesBuildPhase section */
		F8FED6C61E20FE87008A4077 /* Sources */ = {
			isa = PBXSourcesBuildPhase;
			buildActionMask = 2147483647;
			files = (
				F8FED6D01E20FE87008A4077 /* ViewController.swift in Sources */,
				F8FED6CE1E20FE87008A4077 /* AppDelegate.swift in Sources */,
			);
			runOnlyForDeploymentPostprocessing = 0;
		};
		F8FED6DA1E20FE88008A4077 /* Sources */ = {
			isa = PBXSourcesBuildPhase;
			buildActionMask = 2147483647;
			files = (
				F8FED6E31E20FE88008A4077 /* colorcalc2Tests.swift in Sources */,
			);
			runOnlyForDeploymentPostprocessing = 0;
		};
		F8FED6E51E20FE88008A4077 /* Sources */ = {
			isa = PBXSourcesBuildPhase;
			buildActionMask = 2147483647;
			files = (
				F8FED6EE1E20FE88008A4077 /* colorcalc2UITests.swift in Sources */,
			);
			runOnlyForDeploymentPostprocessing = 0;
		};
/* End PBXSourcesBuildPhase section */

/* Begin PBXTargetDependency section */
		F8FED6E01E20FE88008A4077 /* PBXTargetDependency */ = {
			isa = PBXTargetDependency;
			target = F8FED6C91E20FE87008A4077 /* colorcalc2 */;
			targetProxy = F8FED6DF1E20FE88008A4077 /* PBXContainerItemProxy */;
		};
		F8FED6EB1E20FE88008A4077 /* PBXTargetDependency */ = {
			isa = PBXTargetDependency;
			target = F8FED6C91E20FE87008A4077 /* colorcalc2 */;
			targetProxy = F8FED6EA1E20FE88008A4077 /* PBXContainerItemProxy */;
		};
/* End PBXTargetDependency section */

/* Begin PBXVariantGroup section */
		F8FED6D11E20FE87008A4077 /* Main.storyboard */ = {
			isa = PBXVariantGroup;
			children = (
				F8FED6D21E20FE87008A4077 /* Base */,
			);
			name = Main.storyboard;
			sourceTree = "<group>";
		};
		F8FED6D61E20FE88008A4077 /* LaunchScreen.storyboard */ = {
			isa = PBXVariantGroup;
			children = (
				F8FED6D71E20FE88008A4077 /* Base */,
			);
			name = LaunchScreen.storyboard;
			sourceTree = "<group>";
		};
/* End PBXVariantGroup section */

/* Begin XCBuildConfiguration section */
		F8FED6F01E20FE88008A4077 /* Debug */ = {
			isa = XCBuildConfiguration;
			buildSettings = {
				ALWAYS_SEARCH_USER_PATHS = NO;
				CLANG_ANALYZER_NONNULL = YES;
				CLANG_CXX_LANGUAGE_STANDARD = "gnu++0x";
				CLANG_CXX_LIBRARY = "libc++";
				CLANG_ENABLE_MODULES = YES;
				CLANG_ENABLE_OBJC_ARC = YES;
				CLANG_WARN_BOOL_CONVERSION = YES;
				CLANG_WARN_CONSTANT_CONVERSION = YES;
				CLANG_WARN_DIRECT_OBJC_ISA_USAGE = YES_ERROR;
				CLANG_WARN_DOCUMENTATION_COMMENTS = YES;
				CLANG_WARN_EMPTY_BODY = YES;
				CLANG_WARN_ENUM_CONVERSION = YES;
				CLANG_WARN_INFINITE_RECURSION = YES;
				CLANG_WARN_INT_CONVERSION = YES;
				CLANG_WARN_OBJC_ROOT_CLASS = YES_ERROR;
				CLANG_WARN_SUSPICIOUS_MOVES = YES;
				CLANG_WARN_UNREACHABLE_CODE = YES;
				CLANG_WARN__DUPLICATE_METHOD_MATCH = YES;
				"CODE_SIGN_IDENTITY[sdk=iphoneos*]" = "iPhone Developer";
				COPY_PHASE_STRIP = NO;
				DEBUG_INFORMATION_FORMAT = dwarf;
				ENABLE_STRICT_OBJC_MSGSEND = YES;
				ENABLE_TESTABILITY = YES;
				GCC_C_LANGUAGE_STANDARD = gnu99;
				GCC_DYNAMIC_NO_PIC = NO;
				GCC_NO_COMMON_BLOCKS = YES;
				GCC_OPTIMIZATION_LEVEL = 0;
				GCC_PREPROCESSOR_DEFINITIONS = (
					"DEBUG=1",
					"$(inherited)",
				);
				GCC_WARN_64_TO_32_BIT_CONVERSION = YES;
				GCC_WARN_ABOUT_RETURN_TYPE = YES_ERROR;
				GCC_WARN_UNDECLARED_SELECTOR = YES;
				GCC_WARN_UNINITIALIZED_AUTOS = YES_AGGRESSIVE;
				GCC_WARN_UNUSED_FUNCTION = YES;
				GCC_WARN_UNUSED_VARIABLE = YES;
				IPHONEOS_DEPLOYMENT_TARGET = 10.1;
				MTL_ENABLE_DEBUG_INFO = YES;
				ONLY_ACTIVE_ARCH = YES;
				SDKROOT = iphoneos;
				SWIFT_ACTIVE_COMPILATION_CONDITIONS = DEBUG;
				SWIFT_OPTIMIZATION_LEVEL = "-Onone";
			};
			name = Debug;
		};
		F8FED6F11E20FE88008A4077 /* Release */ = {
			isa = XCBuildConfiguration;
			buildSettings = {
				ALWAYS_SEARCH_USER_PATHS = NO;
				CLANG_ANALYZER_NONNULL = YES;
				CLANG_CXX_LANGUAGE_STANDARD = "gnu++0x";
				CLANG_CXX_LIBRARY = "libc++";
				CLANG_ENABLE_MODULES = YES;
				CLANG_ENABLE_OBJC_ARC = YES;
				CLANG_WARN_BOOL_CONVERSION = YES;
				CLANG_WARN_CONSTANT_CONVERSION = YES;
				CLANG_WARN_DIRECT_OBJC_ISA_USAGE = YES_ERROR;
				CLANG_WARN_DOCUMENTATION_COMMENTS = YES;
				CLANG_WARN_EMPTY_BODY = YES;
				CLANG_WARN_ENUM_CONVERSION = YES;
				CLANG_WARN_INFINITE_RECURSION = YES;
				CLANG_WARN_INT_CONVERSION = YES;
				CLANG_WARN_OBJC_ROOT_CLASS = YES_ERROR;
				CLANG_WARN_SUSPICIOUS_MOVES = YES;
				CLANG_WARN_UNREACHABLE_CODE = YES;
				CLANG_WARN__DUPLICATE_METHOD_MATCH = YES;
				"CODE_SIGN_IDENTITY[sdk=iphoneos*]" = "iPhone Developer";
				COPY_PHASE_STRIP = NO;
				DEBUG_INFORMATION_FORMAT = "dwarf-with-dsym";
				ENABLE_NS_ASSERTIONS = NO;
				ENABLE_STRICT_OBJC_MSGSEND = YES;
				GCC_C_LANGUAGE_STANDARD = gnu99;
				GCC_NO_COMMON_BLOCKS = YES;
				GCC_WARN_64_TO_32_BIT_CONVERSION = YES;
				GCC_WARN_ABOUT_RETURN_TYPE = YES_ERROR;
				GCC_WARN_UNDECLARED_SELECTOR = YES;
				GCC_WARN_UNINITIALIZED_AUTOS = YES_AGGRESSIVE;
				GCC_WARN_UNUSED_FUNCTION = YES;
				GCC_WARN_UNUSED_VARIABLE = YES;
				IPHONEOS_DEPLOYMENT_TARGET = 10.1;
				MTL_ENABLE_DEBUG_INFO = NO;
				SDKROOT = iphoneos;
				SWIFT_OPTIMIZATION_LEVEL = "-Owholemodule";
				VALIDATE_PRODUCT = YES;
			};
			name = Release;
		};
		F8FED6F31E20FE88008A4077 /* Debug */ = {
			isa = XCBuildConfiguration;
			buildSettings = {
				ASSETCATALOG_COMPILER_APPICON_NAME = AppIcon;
				INFOPLIST_FILE = colorcalc2/Info.plist;
				LD_RUNPATH_SEARCH_PATHS = "$(inherited) @executable_path/Frameworks";
				PRODUCT_BUNDLE_IDENTIFIER = jp.co.docomo.colorcalc2;
				PRODUCT_NAME = "$(TARGET_NAME)";
				SWIFT_VERSION = 3.0;
			};
			name = Debug;
		};
		F8FED6F41E20FE88008A4077 /* Release */ = {
			isa = XCBuildConfiguration;
			buildSettings = {
				ASSETCATALOG_COMPILER_APPICON_NAME = AppIcon;
				INFOPLIST_FILE = colorcalc2/Info.plist;
				LD_RUNPATH_SEARCH_PATHS = "$(inherited) @executable_path/Frameworks";
				PRODUCT_BUNDLE_IDENTIFIER = jp.co.docomo.colorcalc2;
				PRODUCT_NAME = "$(TARGET_NAME)";
				SWIFT_VERSION = 3.0;
			};
			name = Release;
		};
		F8FED6F61E20FE88008A4077 /* Debug */ = {
			isa = XCBuildConfiguration;
			buildSettings = {
				ALWAYS_EMBED_SWIFT_STANDARD_LIBRARIES = YES;
				BUNDLE_LOADER = "$(TEST_HOST)";
				INFOPLIST_FILE = colorcalc2Tests/Info.plist;
				LD_RUNPATH_SEARCH_PATHS = "$(inherited) @executable_path/Frameworks @loader_path/Frameworks";
				PRODUCT_BUNDLE_IDENTIFIER = jp.co.docomo.colorcalc2Tests;
				PRODUCT_NAME = "$(TARGET_NAME)";
				SWIFT_VERSION = 3.0;
				TEST_HOST = "$(BUILT_PRODUCTS_DIR)/colorcalc2.app/colorcalc2";
			};
			name = Debug;
		};
		F8FED6F71E20FE88008A4077 /* Release */ = {
			isa = XCBuildConfiguration;
			buildSettings = {
				ALWAYS_EMBED_SWIFT_STANDARD_LIBRARIES = YES;
				BUNDLE_LOADER = "$(TEST_HOST)";
				INFOPLIST_FILE = colorcalc2Tests/Info.plist;
				LD_RUNPATH_SEARCH_PATHS = "$(inherited) @executable_path/Frameworks @loader_path/Frameworks";
				PRODUCT_BUNDLE_IDENTIFIER = jp.co.docomo.colorcalc2Tests;
				PRODUCT_NAME = "$(TARGET_NAME)";
				SWIFT_VERSION = 3.0;
				TEST_HOST = "$(BUILT_PRODUCTS_DIR)/colorcalc2.app/colorcalc2";
			};
			name = Release;
		};
		F8FED6F91E20FE88008A4077 /* Debug */ = {
			isa = XCBuildConfiguration;
			buildSettings = {
				ALWAYS_EMBED_SWIFT_STANDARD_LIBRARIES = YES;
				INFOPLIST_FILE = colorcalc2UITests/Info.plist;
				LD_RUNPATH_SEARCH_PATHS = "$(inherited) @executable_path/Frameworks @loader_path/Frameworks";
				PRODUCT_BUNDLE_IDENTIFIER = jp.co.docomo.colorcalc2UITests;
				PRODUCT_NAME = "$(TARGET_NAME)";
				SWIFT_VERSION = 3.0;
				TEST_TARGET_NAME = colorcalc2;
			};
			name = Debug;
		};
		F8FED6FA1E20FE88008A4077 /* Release */ = {
			isa = XCBuildConfiguration;
			buildSettings = {
				ALWAYS_EMBED_SWIFT_STANDARD_LIBRARIES = YES;
				INFOPLIST_FILE = colorcalc2UITests/Info.plist;
				LD_RUNPATH_SEARCH_PATHS = "$(inherited) @executable_path/Frameworks @loader_path/Frameworks";
				PRODUCT_BUNDLE_IDENTIFIER = jp.co.docomo.colorcalc2UITests;
				PRODUCT_NAME = "$(TARGET_NAME)";
				SWIFT_VERSION = 3.0;
				TEST_TARGET_NAME = colorcalc2;
			};
			name = Release;
		};
/* End XCBuildConfiguration section */

/* Begin XCConfigurationList section */
		F8FED6C51E20FE87008A4077 /* Build configuration list for PBXProject "colorcalc2" */ = {
			isa = XCConfigurationList;
			buildConfigurations = (
				F8FED6F01E20FE88008A4077 /* Debug */,
				F8FED6F11E20FE88008A4077 /* Release */,
			);
			defaultConfigurationIsVisible = 0;
			defaultConfigurationName = Release;
		};
		F8FED6F21E20FE88008A4077 /* Build configuration list for PBXNativeTarget "colorcalc2" */ = {
			isa = XCConfigurationList;
			buildConfigurations = (
				F8FED6F31E20FE88008A4077 /* Debug */,
				F8FED6F41E20FE88008A4077 /* Release */,
			);
			defaultConfigurationIsVisible = 0;
		};
		F8FED6F51E20FE88008A4077 /* Build configuration list for PBXNativeTarget "colorcalc2Tests" */ = {
			isa = XCConfigurationList;
			buildConfigurations = (
				F8FED6F61E20FE88008A4077 /* Debug */,
				F8FED6F71E20FE88008A4077 /* Release */,
			);
			defaultConfigurationIsVisible = 0;
		};
		F8FED6F81E20FE88008A4077 /* Build configuration list for PBXNativeTarget "colorcalc2UITests" */ = {
			isa = XCConfigurationList;
			buildConfigurations = (
				F8FED6F91E20FE88008A4077 /* Debug */,
				F8FED6FA1E20FE88008A4077 /* Release */,
			);
			defaultConfigurationIsVisible = 0;
		};
/* End XCConfigurationList section */
	};
	rootObject = F8FED6C21E20FE87008A4077 /* Project object */;
}
